// !$*UTF8*$!
{
	archiveVersion = 1;
	classes = {
	};
	objectVersion = 51;
	objects = {

/* Begin PBXBuildFile section */
		3B3B959555BDABBAF4BF4C2A /* Pods_MYTabBarDemo.framework in Frameworks */ = {isa = PBXBuildFile; fileRef = 3BD04948E25F3FF8F998B962 /* Pods_MYTabBarDemo.framework */; };
		9F2B830B24558B3C00C384E1 /* AppDelegate.swift in Sources */ = {isa = PBXBuildFile; fileRef = 9F2B830A24558B3C00C384E1 /* AppDelegate.swift */; };
		9F2B831224558B3C00C384E1 /* Root.storyboard in Resources */ = {isa = PBXBuildFile; fileRef = 9F2B831024558B3C00C384E1 /* Root.storyboard */; };
		9F2B831424558B4000C384E1 /* Assets.xcassets in Resources */ = {isa = PBXBuildFile; fileRef = 9F2B831324558B4000C384E1 /* Assets.xcassets */; };
		9F2B831724558B4000C384E1 /* LaunchScreen.storyboard in Resources */ = {isa = PBXBuildFile; fileRef = 9F2B831524558B4000C384E1 /* LaunchScreen.storyboard */; };
		9F2B832024558F0700C384E1 /* Tab1ViewController.swift in Sources */ = {isa = PBXBuildFile; fileRef = 9F2B831F24558F0700C384E1 /* Tab1ViewController.swift */; };
		9F2B832324558F2A00C384E1 /* Tab3ViewController.swift in Sources */ = {isa = PBXBuildFile; fileRef = 9F2B832124558F2A00C384E1 /* Tab3ViewController.swift */; };
		9F2B832424558F2A00C384E1 /* Tab2ViewController.swift in Sources */ = {isa = PBXBuildFile; fileRef = 9F2B832224558F2A00C384E1 /* Tab2ViewController.swift */; };
		9F2B8327245593F600C384E1 /* tab1.storyboard in Resources */ = {isa = PBXBuildFile; fileRef = 9F2B8326245593F600C384E1 /* tab1.storyboard */; };
		9F2B832A2455941400C384E1 /* tab3.storyboard in Resources */ = {isa = PBXBuildFile; fileRef = 9F2B83282455941400C384E1 /* tab3.storyboard */; };
		9F2B832B2455941400C384E1 /* tab2.storyboard in Resources */ = {isa = PBXBuildFile; fileRef = 9F2B83292455941400C384E1 /* tab2.storyboard */; };
		9FB6408B247C2FA2008F98AB /* UIViewController+Helper.swift in Sources */ = {isa = PBXBuildFile; fileRef = 9FB6408A247C2FA2008F98AB /* UIViewController+Helper.swift */; };
		9FB6408F247C45F6008F98AB /* UIView+Helper.swift in Sources */ = {isa = PBXBuildFile; fileRef = 9FB6408E247C45F6008F98AB /* UIView+Helper.swift */; };
		9FB9EF1C248285D50035388E /* RootStackTabViewController.swift in Sources */ = {isa = PBXBuildFile; fileRef = 9FB9EF1B248285D40035388E /* RootStackTabViewController.swift */; };
		9FB9EF1F2482881D0035388E /* StackItemView.swift in Sources */ = {isa = PBXBuildFile; fileRef = 9FB9EF1D2482881D0035388E /* StackItemView.swift */; };
		9FB9EF22248288EB0035388E /* StackItemView.xib in Resources */ = {isa = PBXBuildFile; fileRef = 9FB9EF21248288EB0035388E /* StackItemView.xib */; };
		9FB9EF2424829E0F0035388E /* BottomStackItem.swift in Sources */ = {isa = PBXBuildFile; fileRef = 9FB9EF2324829E0F0035388E /* BottomStackItem.swift */; };
/* End PBXBuildFile section */

/* Begin PBXFileReference section */
		28873B802717BD2DE114BAD9 /* Pods-MYTabBarDemo.release.xcconfig */ = {isa = PBXFileReference; includeInIndex = 1; lastKnownFileType = text.xcconfig; name = "Pods-MYTabBarDemo.release.xcconfig"; path = "Target Support Files/Pods-MYTabBarDemo/Pods-MYTabBarDemo.release.xcconfig"; sourceTree = "<group>"; };
		3BD04948E25F3FF8F998B962 /* Pods_MYTabBarDemo.framework */ = {isa = PBXFileReference; explicitFileType = wrapper.framework; includeInIndex = 0; path = Pods_MYTabBarDemo.framework; sourceTree = BUILT_PRODUCTS_DIR; };
		9F2B830724558B3C00C384E1 /* MYTabBarDemo.app */ = {isa = PBXFileReference; explicitFileType = wrapper.application; includeInIndex = 0; path = MYTabBarDemo.app; sourceTree = BUILT_PRODUCTS_DIR; };
		9F2B830A24558B3C00C384E1 /* AppDelegate.swift */ = {isa = PBXFileReference; lastKnownFileType = sourcecode.swift; path = AppDelegate.swift; sourceTree = "<group>"; };
		9F2B831124558B3C00C384E1 /* Base */ = {isa = PBXFileReference; lastKnownFileType = file.storyboard; name = Base; path = Base.lproj/Root.storyboard; sourceTree = "<group>"; };
		9F2B831324558B4000C384E1 /* Assets.xcassets */ = {isa = PBXFileReference; lastKnownFileType = folder.assetcatalog; path = Assets.xcassets; sourceTree = "<group>"; };
		9F2B831624558B4000C384E1 /* Base */ = {isa = PBXFileReference; lastKnownFileType = file.storyboard; name = Base; path = Base.lproj/LaunchScreen.storyboard; sourceTree = "<group>"; };
		9F2B831824558B4000C384E1 /* Info.plist */ = {isa = PBXFileReference; lastKnownFileType = text.plist.xml; path = Info.plist; sourceTree = "<group>"; };
		9F2B831F24558F0700C384E1 /* Tab1ViewController.swift */ = {isa = PBXFileReference; lastKnownFileType = sourcecode.swift; path = Tab1ViewController.swift; sourceTree = "<group>"; };
		9F2B832124558F2A00C384E1 /* Tab3ViewController.swift */ = {isa = PBXFileReference; fileEncoding = 4; lastKnownFileType = sourcecode.swift; path = Tab3ViewController.swift; sourceTree = "<group>"; };
		9F2B832224558F2A00C384E1 /* Tab2ViewController.swift */ = {isa = PBXFileReference; fileEncoding = 4; lastKnownFileType = sourcecode.swift; path = Tab2ViewController.swift; sourceTree = "<group>"; };
		9F2B8326245593F600C384E1 /* tab1.storyboard */ = {isa = PBXFileReference; lastKnownFileType = file.storyboard; path = tab1.storyboard; sourceTree = "<group>"; };
		9F2B83282455941400C384E1 /* tab3.storyboard */ = {isa = PBXFileReference; fileEncoding = 4; lastKnownFileType = file.storyboard; path = tab3.storyboard; sourceTree = "<group>"; };
		9F2B83292455941400C384E1 /* tab2.storyboard */ = {isa = PBXFileReference; fileEncoding = 4; lastKnownFileType = file.storyboard; path = tab2.storyboard; sourceTree = "<group>"; };
		9FB6408A247C2FA2008F98AB /* UIViewController+Helper.swift */ = {isa = PBXFileReference; lastKnownFileType = sourcecode.swift; path = "UIViewController+Helper.swift"; sourceTree = "<group>"; };
		9FB6408E247C45F6008F98AB /* UIView+Helper.swift */ = {isa = PBXFileReference; fileEncoding = 4; lastKnownFileType = sourcecode.swift; path = "UIView+Helper.swift"; sourceTree = "<group>"; };
		9FB9EF1B248285D40035388E /* RootStackTabViewController.swift */ = {isa = PBXFileReference; lastKnownFileType = sourcecode.swift; path = RootStackTabViewController.swift; sourceTree = "<group>"; };
		9FB9EF1D2482881D0035388E /* StackItemView.swift */ = {isa = PBXFileReference; fileEncoding = 4; lastKnownFileType = sourcecode.swift; path = StackItemView.swift; sourceTree = "<group>"; };
		9FB9EF21248288EB0035388E /* StackItemView.xib */ = {isa = PBXFileReference; lastKnownFileType = file.xib; path = StackItemView.xib; sourceTree = "<group>"; };
		9FB9EF2324829E0F0035388E /* BottomStackItem.swift */ = {isa = PBXFileReference; lastKnownFileType = sourcecode.swift; path = BottomStackItem.swift; sourceTree = "<group>"; };
		BDB77513B382F7BFEBA1C6F7 /* Pods-MYTabBarDemo.debug.xcconfig */ = {isa = PBXFileReference; includeInIndex = 1; lastKnownFileType = text.xcconfig; name = "Pods-MYTabBarDemo.debug.xcconfig"; path = "Target Support Files/Pods-MYTabBarDemo/Pods-MYTabBarDemo.debug.xcconfig"; sourceTree = "<group>"; };
/* End PBXFileReference section */

/* Begin PBXFrameworksBuildPhase section */
		9F2B830424558B3C00C384E1 /* Frameworks */ = {
			isa = PBXFrameworksBuildPhase;
			buildActionMask = 2147483647;
			files = (
				3B3B959555BDABBAF4BF4C2A /* Pods_MYTabBarDemo.framework in Frameworks */,
			);
			runOnlyForDeploymentPostprocessing = 0;
		};
/* End PBXFrameworksBuildPhase section */

/* Begin PBXGroup section */
		0E1E4B628B6E167452D054A8 /* Frameworks */ = {
			isa = PBXGroup;
			children = (
				3BD04948E25F3FF8F998B962 /* Pods_MYTabBarDemo.framework */,
			);
			name = Frameworks;
			sourceTree = "<group>";
		};
		2F738594BEF1938B06452760 /* Pods */ = {
			isa = PBXGroup;
			children = (
				BDB77513B382F7BFEBA1C6F7 /* Pods-MYTabBarDemo.debug.xcconfig */,
				28873B802717BD2DE114BAD9 /* Pods-MYTabBarDemo.release.xcconfig */,
			);
			path = Pods;
			sourceTree = "<group>";
		};
		9F2B82FE24558B3C00C384E1 = {
			isa = PBXGroup;
			children = (
				9F2B830924558B3C00C384E1 /* MYTabBarDemo */,
				9F2B830824558B3C00C384E1 /* Products */,
				2F738594BEF1938B06452760 /* Pods */,
				0E1E4B628B6E167452D054A8 /* Frameworks */,
			);
			sourceTree = "<group>";
		};
		9F2B830824558B3C00C384E1 /* Products */ = {
			isa = PBXGroup;
			children = (
				9F2B830724558B3C00C384E1 /* MYTabBarDemo.app */,
			);
			name = Products;
			sourceTree = "<group>";
		};
		9F2B830924558B3C00C384E1 /* MYTabBarDemo */ = {
			isa = PBXGroup;
			children = (
				9F2B830A24558B3C00C384E1 /* AppDelegate.swift */,
				9FB9EF2324829E0F0035388E /* BottomStackItem.swift */,
				9FB9EF1D2482881D0035388E /* StackItemView.swift */,
				9FB9EF21248288EB0035388E /* StackItemView.xib */,
				9FB9EF1B248285D40035388E /* RootStackTabViewController.swift */,
				9F2B831024558B3C00C384E1 /* Root.storyboard */,
				9FB6408E247C45F6008F98AB /* UIView+Helper.swift */,
				9FB6408A247C2FA2008F98AB /* UIViewController+Helper.swift */,
				9F2B831324558B4000C384E1 /* Assets.xcassets */,
				9F2B831524558B4000C384E1 /* LaunchScreen.storyboard */,
				9F2B831824558B4000C384E1 /* Info.plist */,
				9F2B831E24558E1400C384E1 /* ViewControllers */,
			);
			path = MYTabBarDemo;
			sourceTree = "<group>";
		};
		9F2B831E24558E1400C384E1 /* ViewControllers */ = {
			isa = PBXGroup;
			children = (
				9F2B8326245593F600C384E1 /* tab1.storyboard */,
				9F2B83292455941400C384E1 /* tab2.storyboard */,
				9F2B83282455941400C384E1 /* tab3.storyboard */,
				9F2B831F24558F0700C384E1 /* Tab1ViewController.swift */,
				9F2B832224558F2A00C384E1 /* Tab2ViewController.swift */,
				9F2B832124558F2A00C384E1 /* Tab3ViewController.swift */,
			);
			path = ViewControllers;
			sourceTree = "<group>";
		};
/* End PBXGroup section */

/* Begin PBXNativeTarget section */
		9F2B830624558B3C00C384E1 /* MYTabBarDemo */ = {
			isa = PBXNativeTarget;
			buildConfigurationList = 9F2B831B24558B4000C384E1 /* Build configuration list for PBXNativeTarget "MYTabBarDemo" */;
			buildPhases = (
				AC086D2BD11289CF80AA81BF /* [CP] Check Pods Manifest.lock */,
				9F2B830324558B3C00C384E1 /* Sources */,
				9F2B830424558B3C00C384E1 /* Frameworks */,
				9F2B830524558B3C00C384E1 /* Resources */,
				32FCE524A28E2CFCFB3E642F /* [CP] Embed Pods Frameworks */,
			);
			buildRules = (
			);
			dependencies = (
			);
			name = MYTabBarDemo;
			productName = MYTabBarDemo;
			productReference = 9F2B830724558B3C00C384E1 /* MYTabBarDemo.app */;
			productType = "com.apple.product-type.application";
		};
/* End PBXNativeTarget section */

/* Begin PBXProject section */
		9F2B82FF24558B3C00C384E1 /* Project object */ = {
			isa = PBXProject;
			attributes = {
				LastSwiftUpdateCheck = 1110;
				LastUpgradeCheck = 1110;
				ORGANIZATIONNAME = "Abhishek Thapliyal";
				TargetAttributes = {
					9F2B830624558B3C00C384E1 = {
						CreatedOnToolsVersion = 11.1;
					};
				};
			};
			buildConfigurationList = 9F2B830224558B3C00C384E1 /* Build configuration list for PBXProject "MYTabBarDemo" */;
			compatibilityVersion = "Xcode 9.3";
			developmentRegion = en;
			hasScannedForEncodings = 0;
			knownRegions = (
				en,
				Base,
			);
			mainGroup = 9F2B82FE24558B3C00C384E1;
			productRefGroup = 9F2B830824558B3C00C384E1 /* Products */;
			projectDirPath = "";
			projectRoot = "";
			targets = (
				9F2B830624558B3C00C384E1 /* MYTabBarDemo */,
			);
		};
/* End PBXProject section */

/* Begin PBXResourcesBuildPhase section */
		9F2B830524558B3C00C384E1 /* Resources */ = {
			isa = PBXResourcesBuildPhase;
			buildActionMask = 2147483647;
			files = (
				9F2B831724558B4000C384E1 /* LaunchScreen.storyboard in Resources */,
				9FB9EF22248288EB0035388E /* StackItemView.xib in Resources */,
				9F2B832B2455941400C384E1 /* tab2.storyboard in Resources */,
				9F2B831424558B4000C384E1 /* Assets.xcassets in Resources */,
				9F2B8327245593F600C384E1 /* tab1.storyboard in Resources */,
				9F2B831224558B3C00C384E1 /* Root.storyboard in Resources */,
				9F2B832A2455941400C384E1 /* tab3.storyboard in Resources */,
			);
			runOnlyForDeploymentPostprocessing = 0;
		};
/* End PBXResourcesBuildPhase section */

/* Begin PBXShellScriptBuildPhase section */
		32FCE524A28E2CFCFB3E642F /* [CP] Embed Pods Frameworks */ = {
			isa = PBXShellScriptBuildPhase;
			buildActionMask = 2147483647;
			files = (
			);
			inputFileListPaths = (
				"${PODS_ROOT}/Target Support Files/Pods-MYTabBarDemo/Pods-MYTabBarDemo-frameworks-${CONFIGURATION}-input-files.xcfilelist",
			);
			name = "[CP] Embed Pods Frameworks";
			outputFileListPaths = (
				"${PODS_ROOT}/Target Support Files/Pods-MYTabBarDemo/Pods-MYTabBarDemo-frameworks-${CONFIGURATION}-output-files.xcfilelist",
			);
			runOnlyForDeploymentPostprocessing = 0;
			shellPath = /bin/sh;
			shellScript = "\"${PODS_ROOT}/Target Support Files/Pods-MYTabBarDemo/Pods-MYTabBarDemo-frameworks.sh\"\n";
			showEnvVarsInLog = 0;
		};
		AC086D2BD11289CF80AA81BF /* [CP] Check Pods Manifest.lock */ = {
			isa = PBXShellScriptBuildPhase;
			buildActionMask = 2147483647;
			files = (
			);
			inputFileListPaths = (
			);
			inputPaths = (
				"${PODS_PODFILE_DIR_PATH}/Podfile.lock",
				"${PODS_ROOT}/Manifest.lock",
			);
			name = "[CP] Check Pods Manifest.lock";
			outputFileListPaths = (
			);
			outputPaths = (
				"$(DERIVED_FILE_DIR)/Pods-MYTabBarDemo-checkManifestLockResult.txt",
			);
			runOnlyForDeploymentPostprocessing = 0;
			shellPath = /bin/sh;
			shellScript = "diff \"${PODS_PODFILE_DIR_PATH}/Podfile.lock\" \"${PODS_ROOT}/Manifest.lock\" > /dev/null\nif [ $? != 0 ] ; then\n    # print error to STDERR\n    echo \"error: The sandbox is not in sync with the Podfile.lock. Run 'pod install' or update your CocoaPods installation.\" >&2\n    exit 1\nfi\n# This output is used by Xcode 'outputs' to avoid re-running this script phase.\necho \"SUCCESS\" > \"${SCRIPT_OUTPUT_FILE_0}\"\n";
			showEnvVarsInLog = 0;
		};
/* End PBXShellScriptBuildPhase section */

/* Begin PBXSourcesBuildPhase section */
		9F2B830324558B3C00C384E1 /* Sources */ = {
			isa = PBXSourcesBuildPhase;
			buildActionMask = 2147483647;
			files = (
				9FB9EF1F2482881D0035388E /* StackItemView.swift in Sources */,
				9F2B832324558F2A00C384E1 /* Tab3ViewController.swift in Sources */,
				9F2B832024558F0700C384E1 /* Tab1ViewController.swift in Sources */,
				9FB6408F247C45F6008F98AB /* UIView+Helper.swift in Sources */,
				9F2B832424558F2A00C384E1 /* Tab2ViewController.swift in Sources */,
				9FB9EF1C248285D50035388E /* RootStackTabViewController.swift in Sources */,
				9FB6408B247C2FA2008F98AB /* UIViewController+Helper.swift in Sources */,
				9F2B830B24558B3C00C384E1 /* AppDelegate.swift in Sources */,
				9FB9EF2424829E0F0035388E /* BottomStackItem.swift in Sources */,
			);
			runOnlyForDeploymentPostprocessing = 0;
		};
/* End PBXSourcesBuildPhase section */

/* Begin PBXVariantGroup section */
		9F2B831024558B3C00C384E1 /* Root.storyboard */ = {
			isa = PBXVariantGroup;
			children = (
				9F2B831124558B3C00C384E1 /* Base */,
			);
			name = Root.storyboard;
			sourceTree = "<group>";
		};
		9F2B831524558B4000C384E1 /* LaunchScreen.storyboard */ = {
			isa = PBXVariantGroup;
			children = (
				9F2B831624558B4000C384E1 /* Base */,
			);
			name = LaunchScreen.storyboard;
			sourceTree = "<group>";
		};
/* End PBXVariantGroup section */

/* Begin XCBuildConfiguration section */
		9F2B831924558B4000C384E1 /* Debug */ = {
			isa = XCBuildConfiguration;
			buildSettings = {
				ALWAYS_SEARCH_USER_PATHS = NO;
				CLANG_ANALYZER_NONNULL = YES;
				CLANG_ANALYZER_NUMBER_OBJECT_CONVERSION = YES_AGGRESSIVE;
				CLANG_CXX_LANGUAGE_STANDARD = "gnu++14";
				CLANG_CXX_LIBRARY = "libc++";
				CLANG_ENABLE_MODULES = YES;
				CLANG_ENABLE_OBJC_ARC = YES;
				CLANG_ENABLE_OBJC_WEAK = YES;
				CLANG_WARN_BLOCK_CAPTURE_AUTORELEASING = YES;
				CLANG_WARN_BOOL_CONVERSION = YES;
				CLANG_WARN_COMMA = YES;
				CLANG_WARN_CONSTANT_CONVERSION = YES;
				CLANG_WARN_DEPRECATED_OBJC_IMPLEMENTATIONS = YES;
				CLANG_WARN_DIRECT_OBJC_ISA_USAGE = YES_ERROR;
				CLANG_WARN_DOCUMENTATION_COMMENTS = YES;
				CLANG_WARN_EMPTY_BODY = YES;
				CLANG_WARN_ENUM_CONVERSION = YES;
				CLANG_WARN_INFINITE_RECURSION = YES;
				CLANG_WARN_INT_CONVERSION = YES;
				CLANG_WARN_NON_LITERAL_NULL_CONVERSION = YES;
				CLANG_WARN_OBJC_IMPLICIT_RETAIN_SELF = YES;
				CLANG_WARN_OBJC_LITERAL_CONVERSION = YES;
				CLANG_WARN_OBJC_ROOT_CLASS = YES_ERROR;
				CLANG_WARN_RANGE_LOOP_ANALYSIS = YES;
				CLANG_WARN_STRICT_PROTOTYPES = YES;
				CLANG_WARN_SUSPICIOUS_MOVE = YES;
				CLANG_WARN_UNGUARDED_AVAILABILITY = YES_AGGRESSIVE;
				CLANG_WARN_UNREACHABLE_CODE = YES;
				CLANG_WARN__DUPLICATE_METHOD_MATCH = YES;
				COPY_PHASE_STRIP = NO;
				DEBUG_INFORMATION_FORMAT = dwarf;
				ENABLE_STRICT_OBJC_MSGSEND = YES;
				ENABLE_TESTABILITY = YES;
				GCC_C_LANGUAGE_STANDARD = gnu11;
				GCC_DYNAMIC_NO_PIC = NO;
				GCC_NO_COMMON_BLOCKS = YES;
				GCC_OPTIMIZATION_LEVEL = 0;
				GCC_PREPROCESSOR_DEFINITIONS = (
					"DEBUG=1",
					"$(inherited)",
				);
				GCC_WARN_64_TO_32_BIT_CONVERSION = YES;
				GCC_WARN_ABOUT_RETURN_TYPE = YES_ERROR;
				GCC_WARN_UNDECLARED_SELECTOR = YES;
				GCC_WARN_UNINITIALIZED_AUTOS = YES_AGGRESSIVE;
				GCC_WARN_UNUSED_FUNCTION = YES;
				GCC_WARN_UNUSED_VARIABLE = YES;
				IPHONEOS_DEPLOYMENT_TARGET = 11.0;
				MTL_ENABLE_DEBUG_INFO = INCLUDE_SOURCE;
				MTL_FAST_MATH = YES;
				ONLY_ACTIVE_ARCH = YES;
				SDKROOT = iphoneos;
				SWIFT_ACTIVE_COMPILATION_CONDITIONS = DEBUG;
				SWIFT_OPTIMIZATION_LEVEL = "-Onone";
				SWIFT_VERSION = 5.0;
			};
			name = Debug;
		};
		9F2B831A24558B4000C384E1 /* Release */ = {
			isa = XCBuildConfiguration;
			buildSettings = {
				ALWAYS_SEARCH_USER_PATHS = NO;
				CLANG_ANALYZER_NONNULL = YES;
				CLANG_ANALYZER_NUMBER_OBJECT_CONVERSION = YES_AGGRESSIVE;
				CLANG_CXX_LANGUAGE_STANDARD = "gnu++14";
				CLANG_CXX_LIBRARY = "libc++";
				CLANG_ENABLE_MODULES = YES;
				CLANG_ENABLE_OBJC_ARC = YES;
				CLANG_ENABLE_OBJC_WEAK = YES;
				CLANG_WARN_BLOCK_CAPTURE_AUTORELEASING = YES;
				CLANG_WARN_BOOL_CONVERSION = YES;
				CLANG_WARN_COMMA = YES;
				CLANG_WARN_CONSTANT_CONVERSION = YES;
				CLANG_WARN_DEPRECATED_OBJC_IMPLEMENTATIONS = YES;
				CLANG_WARN_DIRECT_OBJC_ISA_USAGE = YES_ERROR;
				CLANG_WARN_DOCUMENTATION_COMMENTS = YES;
				CLANG_WARN_EMPTY_BODY = YES;
				CLANG_WARN_ENUM_CONVERSION = YES;
				CLANG_WARN_INFINITE_RECURSION = YES;
				CLANG_WARN_INT_CONVERSION = YES;
				CLANG_WARN_NON_LITERAL_NULL_CONVERSION = YES;
				CLANG_WARN_OBJC_IMPLICIT_RETAIN_SELF = YES;
				CLANG_WARN_OBJC_LITERAL_CONVERSION = YES;
				CLANG_WARN_OBJC_ROOT_CLASS = YES_ERROR;
				CLANG_WARN_RANGE_LOOP_ANALYSIS = YES;
				CLANG_WARN_STRICT_PROTOTYPES = YES;
				CLANG_WARN_SUSPICIOUS_MOVE = YES;
				CLANG_WARN_UNGUARDED_AVAILABILITY = YES_AGGRESSIVE;
				CLANG_WARN_UNREACHABLE_CODE = YES;
				CLANG_WARN__DUPLICATE_METHOD_MATCH = YES;
				COPY_PHASE_STRIP = NO;
				DEBUG_INFORMATION_FORMAT = "dwarf-with-dsym";
				ENABLE_NS_ASSERTIONS = NO;
				ENABLE_STRICT_OBJC_MSGSEND = YES;
				GCC_C_LANGUAGE_STANDARD = gnu11;
				GCC_NO_COMMON_BLOCKS = YES;
				GCC_WARN_64_TO_32_BIT_CONVERSION = YES;
				GCC_WARN_ABOUT_RETURN_TYPE = YES_ERROR;
				GCC_WARN_UNDECLARED_SELECTOR = YES;
				GCC_WARN_UNINITIALIZED_AUTOS = YES_AGGRESSIVE;
				GCC_WARN_UNUSED_FUNCTION = YES;
				GCC_WARN_UNUSED_VARIABLE = YES;
				IPHONEOS_DEPLOYMENT_TARGET = 11.0;
				MTL_ENABLE_DEBUG_INFO = NO;
				MTL_FAST_MATH = YES;
				SDKROOT = iphoneos;
				SWIFT_COMPILATION_MODE = wholemodule;
				SWIFT_OPTIMIZATION_LEVEL = "-O";
				SWIFT_VERSION = 5.0;
				VALIDATE_PRODUCT = YES;
			};
			name = Release;
		};
		9F2B831C24558B4000C384E1 /* Debug */ = {
			isa = XCBuildConfiguration;
			baseConfigurationReference = BDB77513B382F7BFEBA1C6F7 /* Pods-MYTabBarDemo.debug.xcconfig */;
			buildSettings = {
				ASSETCATALOG_COMPILER_APPICON_NAME = AppIcon;
				CODE_SIGN_STYLE = Automatic;
				DEVELOPMENT_TEAM = 2P7R4H9ZM8;
				INFOPLIST_FILE = MYTabBarDemo/Info.plist;
				LD_RUNPATH_SEARCH_PATHS = (
					"$(inherited)",
					"@executable_path/Frameworks",
				);
				PRODUCT_BUNDLE_IDENTIFIER = com.nickelfox.MYTabBarDemo;
				PRODUCT_NAME = "$(TARGET_NAME)";
				SWIFT_VERSION = 5.0;
				TARGETED_DEVICE_FAMILY = "1,2";
			};
			name = Debug;
		};
		9F2B831D24558B4000C384E1 /* Release */ = {
			isa = XCBuildConfiguration;
			baseConfigurationReference = 28873B802717BD2DE114BAD9 /* Pods-MYTabBarDemo.release.xcconfig */;
			buildSettings = {
				ASSETCATALOG_COMPILER_APPICON_NAME = AppIcon;
				CODE_SIGN_STYLE = Automatic;
				DEVELOPMENT_TEAM = 2P7R4H9ZM8;
				INFOPLIST_FILE = MYTabBarDemo/Info.plist;
				LD_RUNPATH_SEARCH_PATHS = (
					"$(inherited)",
					"@executable_path/Frameworks",
				);
				PRODUCT_BUNDLE_IDENTIFIER = com.nickelfox.MYTabBarDemo;
				PRODUCT_NAME = "$(TARGET_NAME)";
				SWIFT_VERSION = 5.0;
				TARGETED_DEVICE_FAMILY = "1,2";
			};
			name = Release;
		};
/* End XCBuildConfiguration section */

/* Begin XCConfigurationList section */
		9F2B830224558B3C00C384E1 /* Build configuration list for PBXProject "MYTabBarDemo" */ = {
			isa = XCConfigurationList;
			buildConfigurations = (
				9F2B831924558B4000C384E1 /* Debug */,
				9F2B831A24558B4000C384E1 /* Release */,
			);
			defaultConfigurationIsVisible = 0;
			defaultConfigurationName = Release;
		};
		9F2B831B24558B4000C384E1 /* Build configuration list for PBXNativeTarget "MYTabBarDemo" */ = {
			isa = XCConfigurationList;
			buildConfigurations = (
				9F2B831C24558B4000C384E1 /* Debug */,
				9F2B831D24558B4000C384E1 /* Release */,
			);
			defaultConfigurationIsVisible = 0;
			defaultConfigurationName = Release;
		};
/* End XCConfigurationList section */
	};
	rootObject = 9F2B82FF24558B3C00C384E1 /* Project object */;
}
